{
  "name": "web-plate",
  "version": "1.0.0",
  "lockfileVersion": 1,
  "requires": true,
  "dependencies": {
    "enzyme-to-json": {
      "version": "3.4.4",
      "resolved": "https://registry.npmjs.org/enzyme-to-json/-/enzyme-to-json-3.4.4.tgz",
      "integrity": "sha512-50LELP/SCPJJGic5rAARvU7pgE3m1YaNj7JLM+Qkhl5t7PAs6fiyc8xzc50RnkKPFQCv0EeFVjEWdIFRGPWMsA==",
      "dev": true,
      "requires": {
        "lodash": "^4.17.15",
        "react-is": "^16.12.0"
      }
    },
    "format-json-pretty": {
      "version": "1.0.1",
      "resolved": "https://registry.npmjs.org/format-json-pretty/-/format-json-pretty-1.0.1.tgz",
      "integrity": "sha1-9xczeMXzlD+Q9bFhTajtaLKwPNg="
    },
    "lodash": {
      "version": "4.17.15",
      "resolved": "https://registry.npmjs.org/lodash/-/lodash-4.17.15.tgz",
      "integrity": "sha512-8xOcRHvCjnocdS5cpwXQXVzmmh5e5+saE2QGoeQmbKmRS6J3VQppPOIt0MnmE+4xlZoumy0GPG0D0MVIQbNA1A==",
      "dev": true
    },
    "react-is": {
      "version": "16.13.0",
      "resolved": "https://registry.npmjs.org/react-is/-/react-is-16.13.0.tgz",
      "integrity": "sha512-GFMtL0vHkiBv9HluwNZTggSn/sCyEt9n02aM0dSAjGGyqyNlAyftYm4phPxdvCigG15JreC5biwxCgTAJZ7yAA==",
      "dev": true
    }
  }
}
